
Microsoft Visual Studio Solution File, Format Version 12.00
# Visual Studio 14
VisualStudioVersion = 14.0.25420.1
MinimumVisualStudioVersion = 10.0.40219.1
Project("{159641D6-6404-4A2A-AE62-294DE0FE8301}") = "Fudge Project 2", "Fudge Project 2\Fudge Project 2.dtproj", "{A545223F-C4CA-4F8C-94A8-89BAFDDC9AC0}"
EndProject
Global
	GlobalSection(SolutionConfigurationPlatforms) = preSolution
		Development|Default = Development|Default
	EndGlobalSection
	GlobalSection(ProjectConfigurationPlatforms) = postSolution
		{A545223F-C4CA-4F8C-94A8-89BAFDDC9AC0}.Development|Default.ActiveCfg = Development
		{A545223F-C4CA-4F8C-94A8-89BAFDDC9AC0}.Development|Default.Build.0 = Development
	EndGlobalSection
	GlobalSection(SolutionProperties) = preSolution
		HideSolutionNode = FALSE
	EndGlobalSection
EndGlobal
