
Microsoft Visual Studio Solution File, Format Version 12.00
# Visual Studio 14
VisualStudioVersion = 14.0.25420.1
MinimumVisualStudioVersion = 10.0.40219.1
Project("{D2ABAB84-BF74-430A-B69E-9DC6D40DDA17}") = "ist722_fudge_c7(IST-CS-DW1)", "<Server=ist-cs-dw1.ad.syr.edu;Database=ist722_fudge_c7;>", "{50A820C6-4144-40E1-AF6D-885ACE132C03}"
EndProject
Global
	GlobalSection(SolutionConfigurationPlatforms) = preSolution
		Development|Default = Development|Default
	EndGlobalSection
	GlobalSection(ProjectConfigurationPlatforms) = postSolution
		{50A820C6-4144-40E1-AF6D-885ACE132C03}.Development|Default.ActiveCfg = Development
	EndGlobalSection
	GlobalSection(SolutionProperties) = preSolution
		HideSolutionNode = FALSE
	EndGlobalSection
EndGlobal
